
Microsoft Visual Studio Solution File, Format Version 11.00
# Visual Studio 2010
Project("{FAE04EC0-301F-11D3-BF4B-00C04F79EFBC}") = "Assembly-CSharp", "Assembly-CSharp.csproj", "{c67d59a2-babf-fb64-2ffe-b81b9cc99992}"
EndProject
Project("{FAE04EC0-301F-11D3-BF4B-00C04F79EFBC}") = "Assembly-CSharp-firstpass", "Assembly-CSharp-firstpass.csproj", "{db3795b1-cd9a-616a-ecd6-667746ac619c}"
EndProject
Project("{FAE04EC0-301F-11D3-BF4B-00C04F79EFBC}") = "GoogleMobileAds.Editor", "GoogleMobileAds.Editor.csproj", "{d4052ac9-9a35-c5e4-4825-00ade808231c}"
EndProject
Project("{FAE04EC0-301F-11D3-BF4B-00C04F79EFBC}") = "Assembly-CSharp-Editor-firstpass", "Assembly-CSharp-Editor-firstpass.csproj", "{30c3fbf4-8761-ee51-3d20-b3a829768f78}"
EndProject
Global
	GlobalSection(SolutionConfigurationPlatforms) = preSolution
		Debug|Any CPU = Debug|Any CPU
	EndGlobalSection
	GlobalSection(ProjectConfigurationPlatforms) = postSolution
		{c67d59a2-babf-fb64-2ffe-b81b9cc99992}.Debug|Any CPU.ActiveCfg = Debug|Any CPU
		{c67d59a2-babf-fb64-2ffe-b81b9cc99992}.Debug|Any CPU.Build.0 = Debug|Any CPU
		{db3795b1-cd9a-616a-ecd6-667746ac619c}.Debug|Any CPU.ActiveCfg = Debug|Any CPU
		{db3795b1-cd9a-616a-ecd6-667746ac619c}.Debug|Any CPU.Build.0 = Debug|Any CPU
		{d4052ac9-9a35-c5e4-4825-00ade808231c}.Debug|Any CPU.ActiveCfg = Debug|Any CPU
		{d4052ac9-9a35-c5e4-4825-00ade808231c}.Debug|Any CPU.Build.0 = Debug|Any CPU
		{30c3fbf4-8761-ee51-3d20-b3a829768f78}.Debug|Any CPU.ActiveCfg = Debug|Any CPU
		{30c3fbf4-8761-ee51-3d20-b3a829768f78}.Debug|Any CPU.Build.0 = Debug|Any CPU
	EndGlobalSection
	GlobalSection(SolutionProperties) = preSolution
		HideSolutionNode = FALSE
	EndGlobalSection
EndGlobal
